
Microsoft Visual Studio Solution File, Format Version 12.00
# Visual Studio Version 17
VisualStudioVersion = 17.8.34525.116
MinimumVisualStudioVersion = 10.0.40219.1
Project("{FAE04EC0-301F-11D3-BF4B-00C04F79EFBC}") = "Decoding", "Decoding\Decoding.csproj", "{5A00FBB7-6407-4B98-8D4A-9E596F29AC05}"
EndProject
Global
	GlobalSection(SolutionConfigurationPlatforms) = preSolution
		Debug|Any CPU = Debug|Any CPU
		Release|Any CPU = Release|Any CPU
	EndGlobalSection
	GlobalSection(ProjectConfigurationPlatforms) = postSolution
		{5A00FBB7-6407-4B98-8D4A-9E596F29AC05}.Debug|Any CPU.ActiveCfg = Debug|Any CPU
		{5A00FBB7-6407-4B98-8D4A-9E596F29AC05}.Debug|Any CPU.Build.0 = Debug|Any CPU
		{5A00FBB7-6407-4B98-8D4A-9E596F29AC05}.Release|Any CPU.ActiveCfg = Release|Any CPU
		{5A00FBB7-6407-4B98-8D4A-9E596F29AC05}.Release|Any CPU.Build.0 = Release|Any CPU
	EndGlobalSection
	GlobalSection(SolutionProperties) = preSolution
		HideSolutionNode = FALSE
	EndGlobalSection
	GlobalSection(ExtensibilityGlobals) = postSolution
		SolutionGuid = {132DF020-E6CC-4E18-B723-461D95500D1F}
	EndGlobalSection
EndGlobal
